
Microsoft Visual Studio Solution File, Format Version 12.00
# Visual Studio Version 16
VisualStudioVersion = 16.0.31702.278
MinimumVisualStudioVersion = 10.0.40219.1
Project("{FAE04EC0-301F-11D3-BF4B-00C04F79EFBC}") = "Harmony1", "Harmony1\Harmony1.csproj", "{A176EB15-6A3B-478A-8833-04C2866F5598}"
EndProject
Global
	GlobalSection(SolutionConfigurationPlatforms) = preSolution
		Debug|Any CPU = Debug|Any CPU
		Release|Any CPU = Release|Any CPU
	EndGlobalSection
	GlobalSection(ProjectConfigurationPlatforms) = postSolution
		{A176EB15-6A3B-478A-8833-04C2866F5598}.Debug|Any CPU.ActiveCfg = Debug|Any CPU
		{A176EB15-6A3B-478A-8833-04C2866F5598}.Debug|Any CPU.Build.0 = Debug|Any CPU
		{A176EB15-6A3B-478A-8833-04C2866F5598}.Release|Any CPU.ActiveCfg = Release|Any CPU
		{A176EB15-6A3B-478A-8833-04C2866F5598}.Release|Any CPU.Build.0 = Release|Any CPU
	EndGlobalSection
	GlobalSection(SolutionProperties) = preSolution
		HideSolutionNode = FALSE
	EndGlobalSection
	GlobalSection(ExtensibilityGlobals) = postSolution
		SolutionGuid = {27BB48F5-5850-4226-8D9F-25C5A7B5A0B6}
	EndGlobalSection
EndGlobal
